
Microsoft Visual Studio Solution File, Format Version 12.00
# Visual Studio Version 17
VisualStudioVersion = 17.4.33213.308
MinimumVisualStudioVersion = 10.0.40219.1
Project("{9A19103F-16F7-4668-BE54-9A1E7A4F7556}") = "Caller", "CallerApp\Caller.csproj", "{D1A1FBA2-30B6-4ABF-A008-D384C0659CAA}"
EndProject
Project("{9A19103F-16F7-4668-BE54-9A1E7A4F7556}") = "ProblemSolving", "ProblemSolving\ProblemSolving.csproj", "{7B1BAE32-EB35-4FF8-92C1-1FF851AFB39B}"
EndProject
Project("{FAE04EC0-301F-11D3-BF4B-00C04F79EFBC}") = "UnitTestSolution", "UnitTestSolution\UnitTestSolution.csproj", "{D36CB612-CD23-4795-AFD9-3280CCE1DF80}"
EndProject
Global
	GlobalSection(SolutionConfigurationPlatforms) = preSolution
		Debug|Any CPU = Debug|Any CPU
		Release|Any CPU = Release|Any CPU
	EndGlobalSection
	GlobalSection(ProjectConfigurationPlatforms) = postSolution
		{D1A1FBA2-30B6-4ABF-A008-D384C0659CAA}.Debug|Any CPU.ActiveCfg = Debug|Any CPU
		{D1A1FBA2-30B6-4ABF-A008-D384C0659CAA}.Debug|Any CPU.Build.0 = Debug|Any CPU
		{D1A1FBA2-30B6-4ABF-A008-D384C0659CAA}.Release|Any CPU.ActiveCfg = Release|Any CPU
		{D1A1FBA2-30B6-4ABF-A008-D384C0659CAA}.Release|Any CPU.Build.0 = Release|Any CPU
		{7B1BAE32-EB35-4FF8-92C1-1FF851AFB39B}.Debug|Any CPU.ActiveCfg = Debug|Any CPU
		{7B1BAE32-EB35-4FF8-92C1-1FF851AFB39B}.Debug|Any CPU.Build.0 = Debug|Any CPU
		{7B1BAE32-EB35-4FF8-92C1-1FF851AFB39B}.Release|Any CPU.ActiveCfg = Release|Any CPU
		{7B1BAE32-EB35-4FF8-92C1-1FF851AFB39B}.Release|Any CPU.Build.0 = Release|Any CPU
		{D36CB612-CD23-4795-AFD9-3280CCE1DF80}.Debug|Any CPU.ActiveCfg = Debug|Any CPU
		{D36CB612-CD23-4795-AFD9-3280CCE1DF80}.Debug|Any CPU.Build.0 = Debug|Any CPU
		{D36CB612-CD23-4795-AFD9-3280CCE1DF80}.Release|Any CPU.ActiveCfg = Release|Any CPU
		{D36CB612-CD23-4795-AFD9-3280CCE1DF80}.Release|Any CPU.Build.0 = Release|Any CPU
	EndGlobalSection
	GlobalSection(SolutionProperties) = preSolution
		HideSolutionNode = FALSE
	EndGlobalSection
	GlobalSection(ExtensibilityGlobals) = postSolution
		SolutionGuid = {353ECA71-E6D5-4E29-8A8A-F71DD0CEADA2}
	EndGlobalSection
EndGlobal
